
Microsoft Visual Studio Solution File, Format Version 12.00
# Visual Studio Version 17
VisualStudioVersion = 17.9.34701.34
MinimumVisualStudioVersion = 10.0.40219.1
Project("{2150E333-8FDC-42A3-9474-1A3956D46DE8}") = "Source", "Source", "{89BB5949-031B-40AB-BAB2-BD6F24485223}"
EndProject
Project("{54A90642-561A-4BB1-A94E-469ADEE60C69}") = "Blazor.Javascript.Interop.Bundle", "Blazor.Javascript.Interop.Bundle\Blazor.Javascript.Interop.Bundle.esproj", "{AFC1D39C-2487-4409-AA3E-E0CBF5A794FF}"
EndProject
Project("{9A19103F-16F7-4668-BE54-9A1E7A4F7556}") = "Blazor.Javascript.Interop.Extensions", "Blazor.Javascript.Interop.Extensions\Blazor.Javascript.Interop.Extensions.csproj", "{D4122AE4-4B2D-44A1-8013-CBCC73F473B4}"
EndProject
Project("{2150E333-8FDC-42A3-9474-1A3956D46DE8}") = "Solution Items", "Solution Items", "{A2351BD3-C9D6-47E0-AE8B-B6F3635B717A}"
	ProjectSection(SolutionItems) = preProject
		.gitignore = .gitignore
		LICENSE.txt = LICENSE.txt
		README.md = README.md
	EndProjectSection
EndProject
Global
	GlobalSection(SolutionConfigurationPlatforms) = preSolution
		Debug|Any CPU = Debug|Any CPU
		Release|Any CPU = Release|Any CPU
	EndGlobalSection
	GlobalSection(ProjectConfigurationPlatforms) = postSolution
		{AFC1D39C-2487-4409-AA3E-E0CBF5A794FF}.Debug|Any CPU.ActiveCfg = Debug|Any CPU
		{AFC1D39C-2487-4409-AA3E-E0CBF5A794FF}.Debug|Any CPU.Build.0 = Debug|Any CPU
		{AFC1D39C-2487-4409-AA3E-E0CBF5A794FF}.Debug|Any CPU.Deploy.0 = Debug|Any CPU
		{AFC1D39C-2487-4409-AA3E-E0CBF5A794FF}.Release|Any CPU.ActiveCfg = Release|Any CPU
		{AFC1D39C-2487-4409-AA3E-E0CBF5A794FF}.Release|Any CPU.Build.0 = Release|Any CPU
		{AFC1D39C-2487-4409-AA3E-E0CBF5A794FF}.Release|Any CPU.Deploy.0 = Release|Any CPU
		{D4122AE4-4B2D-44A1-8013-CBCC73F473B4}.Debug|Any CPU.ActiveCfg = Debug|Any CPU
		{D4122AE4-4B2D-44A1-8013-CBCC73F473B4}.Debug|Any CPU.Build.0 = Debug|Any CPU
		{D4122AE4-4B2D-44A1-8013-CBCC73F473B4}.Release|Any CPU.ActiveCfg = Release|Any CPU
		{D4122AE4-4B2D-44A1-8013-CBCC73F473B4}.Release|Any CPU.Build.0 = Release|Any CPU
	EndGlobalSection
	GlobalSection(SolutionProperties) = preSolution
		HideSolutionNode = FALSE
	EndGlobalSection
	GlobalSection(NestedProjects) = preSolution
		{AFC1D39C-2487-4409-AA3E-E0CBF5A794FF} = {89BB5949-031B-40AB-BAB2-BD6F24485223}
		{D4122AE4-4B2D-44A1-8013-CBCC73F473B4} = {89BB5949-031B-40AB-BAB2-BD6F24485223}
	EndGlobalSection
	GlobalSection(ExtensibilityGlobals) = postSolution
		SolutionGuid = {3C818EDB-0038-41C0-B95E-18847E120C67}
	EndGlobalSection
EndGlobal
