
Microsoft Visual Studio Solution File, Format Version 12.00
# Visual Studio Version 17
VisualStudioVersion = 17.9.34701.34
MinimumVisualStudioVersion = 10.0.40219.1
Project("{2150E333-8FDC-42A3-9474-1A3956D46DE8}") = "Samples", "Samples", "{4F0A2F8A-90B0-4973-AF4E-0E0CAC93FFD3}"
EndProject
Project("{2150E333-8FDC-42A3-9474-1A3956D46DE8}") = "Test", "Test", "{E1B855B4-507B-4C6B-85AF-0FF585A7A181}"
EndProject
Project("{9A19103F-16F7-4668-BE54-9A1E7A4F7556}") = "SampleWebApp", "SampleWebApp\SampleWebApp.csproj", "{59616D25-4CD1-41D5-8007-879A820E3E90}"
EndProject
Project("{2150E333-8FDC-42A3-9474-1A3956D46DE8}") = "Source", "Source", "{89BB5949-031B-40AB-BAB2-BD6F24485223}"
EndProject
Project("{9A19103F-16F7-4668-BE54-9A1E7A4F7556}") = "Blazor.Javascript.Interop", "Blazor.Javascript.Interop\Blazor.Javascript.Interop.csproj", "{685D75F7-0669-4C5A-8B87-D34EBCEEB805}"
EndProject
Project("{9A19103F-16F7-4668-BE54-9A1E7A4F7556}") = "Blazor.Javascript.Interop.Tests", "Blazor.Javascript.Interop.Tests\Blazor.Javascript.Interop.Tests.csproj", "{5A9B5DD4-5BFB-4E75-A701-9D3B453441A8}"
EndProject
Global
	GlobalSection(SolutionConfigurationPlatforms) = preSolution
		Debug|Any CPU = Debug|Any CPU
		Release|Any CPU = Release|Any CPU
	EndGlobalSection
	GlobalSection(ProjectConfigurationPlatforms) = postSolution
		{59616D25-4CD1-41D5-8007-879A820E3E90}.Debug|Any CPU.ActiveCfg = Debug|Any CPU
		{59616D25-4CD1-41D5-8007-879A820E3E90}.Debug|Any CPU.Build.0 = Debug|Any CPU
		{59616D25-4CD1-41D5-8007-879A820E3E90}.Release|Any CPU.ActiveCfg = Release|Any CPU
		{59616D25-4CD1-41D5-8007-879A820E3E90}.Release|Any CPU.Build.0 = Release|Any CPU
		{685D75F7-0669-4C5A-8B87-D34EBCEEB805}.Debug|Any CPU.ActiveCfg = Debug|Any CPU
		{685D75F7-0669-4C5A-8B87-D34EBCEEB805}.Debug|Any CPU.Build.0 = Debug|Any CPU
		{685D75F7-0669-4C5A-8B87-D34EBCEEB805}.Release|Any CPU.ActiveCfg = Release|Any CPU
		{685D75F7-0669-4C5A-8B87-D34EBCEEB805}.Release|Any CPU.Build.0 = Release|Any CPU
		{5A9B5DD4-5BFB-4E75-A701-9D3B453441A8}.Debug|Any CPU.ActiveCfg = Debug|Any CPU
		{5A9B5DD4-5BFB-4E75-A701-9D3B453441A8}.Debug|Any CPU.Build.0 = Debug|Any CPU
		{5A9B5DD4-5BFB-4E75-A701-9D3B453441A8}.Release|Any CPU.ActiveCfg = Release|Any CPU
		{5A9B5DD4-5BFB-4E75-A701-9D3B453441A8}.Release|Any CPU.Build.0 = Release|Any CPU
	EndGlobalSection
	GlobalSection(SolutionProperties) = preSolution
		HideSolutionNode = FALSE
	EndGlobalSection
	GlobalSection(NestedProjects) = preSolution
		{59616D25-4CD1-41D5-8007-879A820E3E90} = {4F0A2F8A-90B0-4973-AF4E-0E0CAC93FFD3}
		{685D75F7-0669-4C5A-8B87-D34EBCEEB805} = {89BB5949-031B-40AB-BAB2-BD6F24485223}
		{5A9B5DD4-5BFB-4E75-A701-9D3B453441A8} = {E1B855B4-507B-4C6B-85AF-0FF585A7A181}
	EndGlobalSection
	GlobalSection(ExtensibilityGlobals) = postSolution
		SolutionGuid = {3C818EDB-0038-41C0-B95E-18847E120C67}
	EndGlobalSection
EndGlobal
